dependencies:
  Stepper:
    dependencies: []
    source:
      path: W:\github\DSR-Clock\components\Stepper
      type: local
    version: '*'
  ds3231:
    dependencies: []
    source:
      path: W:\github\DSR-Clock\components\ds3231
      type: local
    version: '*'
  esp_idf_lib_helpers:
    dependencies: []
    source:
      path: W:\github\DSR-Clock\components\esp_idf_lib_helpers
      type: local
    version: '*'
  idf:
    source:
      type: idf
    version: 5.4.1
direct_dependencies:
- Stepper
- ds3231
- esp_idf_lib_helpers
manifest_hash: bc23c2c72074add79f773863bcf1e04c69ceb201246220fbb4332081a21982b8
target: esp32c3
version: 2.0.0
