dependencies:
  accelstepper:
    dependencies: []
    source:
      path: W:\github\DSR-Clock\components\accelstepper
      type: local
    version: '*'
  ds3231:
    dependencies: []
    source:
      path: W:\github\DSR-Clock\components\ds3231
      type: local
    version: '*'
  esp_idf_lib_helpers:
    dependencies: []
    source:
      path: W:\github\DSR-Clock\components\esp_idf_lib_helpers
      type: local
    version: '*'
  idf:
    source:
      type: idf
    version: 5.4.1
  stepper:
    dependencies: []
    source:
      path: W:\github\DSR-Clock\components\stepper
      type: local
    version: '*'
  tmc2209:
    dependencies: []
    source:
      path: W:\github\DSR-Clock\components\tmc2209
      type: local
    version: '*'
direct_dependencies:
- accelstepper
- ds3231
- esp_idf_lib_helpers
- stepper
- tmc2209
manifest_hash: 0b94174c1aa9ffd9a4a7f00361fb0691807361264950e8d6611a545ccca2160e
target: esp32c3
version: 2.0.0
