dependencies:
  ds3231:
    dependencies: []
    source:
      path: W:\github\DSR-Clock\components\ds3231
      type: local
    version: '*'
  esp_idf_lib_helpers:
    dependencies: []
    source:
      path: W:\github\DSR-Clock\components\esp_idf_lib_helpers
      type: local
    version: '*'
  idf:
    source:
      type: idf
    version: 5.4.1
  protocol_examples_common:
    dependencies: []
    source:
      path: C:\Users\chris\esp\v5.4.1\esp-idf\examples\common_components\protocol_examples_common
      type: local
    version: '*'
direct_dependencies:
- ds3231
- esp_idf_lib_helpers
- protocol_examples_common
manifest_hash: daee799eb36364f10a3b7c8eebe435dd18963b2e5ef910b656c24fa944a47ff1
target: esp32c3
version: 2.0.0
